
Microsoft Visual Studio Solution File, Format Version 12.00
# Visual Studio Version 17
VisualStudioVersion = 17.14.36203.30
MinimumVisualStudioVersion = 10.0.40219.1
Project("{FAE04EC0-301F-11D3-BF4B-00C04F79EFBC}") = "Putt Em Up Portal", "Putt Em Up Portal\Putt Em Up Portal.csproj", "{8DF3F53F-6CDF-4518-AC3C-B3B968E741E6}"
EndProject
Project("{FAE04EC0-301F-11D3-BF4B-00C04F79EFBC}") = "Domain", "Domain\Domain.csproj", "{2733B030-D348-41AD-881B-52F03716874A}"
EndProject
Project("{FAE04EC0-301F-11D3-BF4B-00C04F79EFBC}") = "Infrastructure.Persistence", "Infrastructure.Persistence\Infrastructure.Persistence.csproj", "{BAE3FB7B-490E-4CD8-ABEE-B77011670BA6}"
EndProject
Project("{FAE04EC0-301F-11D3-BF4B-00C04F79EFBC}") = "Testing", "Testing\Testing.csproj", "{77E8B246-8203-478A-966D-320A709F4E70}"
EndProject
Global
	GlobalSection(SolutionConfigurationPlatforms) = preSolution
		Debug|Any CPU = Debug|Any CPU
		Release|Any CPU = Release|Any CPU
	EndGlobalSection
	GlobalSection(ProjectConfigurationPlatforms) = postSolution
		{8DF3F53F-6CDF-4518-AC3C-B3B968E741E6}.Debug|Any CPU.ActiveCfg = Debug|Any CPU
		{8DF3F53F-6CDF-4518-AC3C-B3B968E741E6}.Debug|Any CPU.Build.0 = Debug|Any CPU
		{8DF3F53F-6CDF-4518-AC3C-B3B968E741E6}.Release|Any CPU.ActiveCfg = Release|Any CPU
		{8DF3F53F-6CDF-4518-AC3C-B3B968E741E6}.Release|Any CPU.Build.0 = Release|Any CPU
		{2733B030-D348-41AD-881B-52F03716874A}.Debug|Any CPU.ActiveCfg = Debug|Any CPU
		{2733B030-D348-41AD-881B-52F03716874A}.Debug|Any CPU.Build.0 = Debug|Any CPU
		{2733B030-D348-41AD-881B-52F03716874A}.Release|Any CPU.ActiveCfg = Release|Any CPU
		{2733B030-D348-41AD-881B-52F03716874A}.Release|Any CPU.Build.0 = Release|Any CPU
		{BAE3FB7B-490E-4CD8-ABEE-B77011670BA6}.Debug|Any CPU.ActiveCfg = Debug|Any CPU
		{BAE3FB7B-490E-4CD8-ABEE-B77011670BA6}.Debug|Any CPU.Build.0 = Debug|Any CPU
		{BAE3FB7B-490E-4CD8-ABEE-B77011670BA6}.Release|Any CPU.ActiveCfg = Release|Any CPU
		{BAE3FB7B-490E-4CD8-ABEE-B77011670BA6}.Release|Any CPU.Build.0 = Release|Any CPU
		{77E8B246-8203-478A-966D-320A709F4E70}.Debug|Any CPU.ActiveCfg = Debug|Any CPU
		{77E8B246-8203-478A-966D-320A709F4E70}.Debug|Any CPU.Build.0 = Debug|Any CPU
		{77E8B246-8203-478A-966D-320A709F4E70}.Release|Any CPU.ActiveCfg = Release|Any CPU
		{77E8B246-8203-478A-966D-320A709F4E70}.Release|Any CPU.Build.0 = Release|Any CPU
	EndGlobalSection
	GlobalSection(SolutionProperties) = preSolution
		HideSolutionNode = FALSE
	EndGlobalSection
	GlobalSection(ExtensibilityGlobals) = postSolution
		SolutionGuid = {F4A96CF5-B328-41F2-B631-4B5596F9AB43}
	EndGlobalSection
EndGlobal
